
Microsoft Visual Studio Solution File, Format Version 12.00
# Visual Studio Version 17
VisualStudioVersion = 17.11.35312.102
MinimumVisualStudioVersion = 10.0.40219.1
Project("{2150E333-8FDC-42A3-9474-1A3956D46DE8}") = "Task0", "Task0", "{921EB6B6-13DE-4707-BA04-5CABB893DBCE}"
EndProject
Project("{9A19103F-16F7-4668-BE54-9A1E7A4F7556}") = "Tyuiu.KhrapovDY.Sprint4.Task0.V30", "Tyuiu.KhrapovDY.Sprint4.Task0.V30\Tyuiu.KhrapovDY.Sprint4.Task0.V30.csproj", "{906A6427-EF8B-467F-95E3-B8E60FAFE766}"
EndProject
Project("{9A19103F-16F7-4668-BE54-9A1E7A4F7556}") = "Tyuiu.KhrapovDY.Sprint4.Task0.V30.Lib", "Tyuiu.KhrapovDY.Sprint4.Task0.V30.Lib\Tyuiu.KhrapovDY.Sprint4.Task0.V30.Lib.csproj", "{061B4A92-EC4A-4640-83D3-90C71DF8BB5E}"
EndProject
Project("{9A19103F-16F7-4668-BE54-9A1E7A4F7556}") = "Tyuiu.KhrapovDY.Sprint4.Task0.V30.Test", "Tyuiu.KhrapovDY.Sprint4.Task0.V30.Test\Tyuiu.KhrapovDY.Sprint4.Task0.V30.Test.csproj", "{CF9AF108-BAF7-4F6C-A1C1-C735634A1DAA}"
EndProject
Project("{2150E333-8FDC-42A3-9474-1A3956D46DE8}") = "Task1", "Task1", "{6992C9C5-173B-42D6-9643-DB6E06EB1B7D}"
EndProject
Project("{9A19103F-16F7-4668-BE54-9A1E7A4F7556}") = "Tyuiu.KhrapovDY.Sprint4.Task1.V18", "Tyuiu.KhrapovDY.Sprint4.Task1.V18\Tyuiu.KhrapovDY.Sprint4.Task1.V18.csproj", "{E4A946A6-8A04-4DF2-9C3F-8E83CFE68462}"
EndProject
Project("{9A19103F-16F7-4668-BE54-9A1E7A4F7556}") = "Tyuiu.KhrapovDY.Sprint4.Task1.V18.Lib", "Tyuiu.KhrapovDY.Sprint4.Task1.V18.Lib\Tyuiu.KhrapovDY.Sprint4.Task1.V18.Lib.csproj", "{B5ABC923-0A57-45BA-A09E-ED761E86A32D}"
EndProject
Project("{9A19103F-16F7-4668-BE54-9A1E7A4F7556}") = "Tyuiu.KhrapovDY.Sprint4.Task1.V18.Test", "Tyuiu.KhrapovDY.Sprint4.Task1.V18.Test\Tyuiu.KhrapovDY.Sprint4.Task1.V18.Test.csproj", "{D3A6F926-0EE1-42BC-B859-790AF983DD43}"
EndProject
Project("{2150E333-8FDC-42A3-9474-1A3956D46DE8}") = "Task2", "Task2", "{36BB83FC-0019-4AC2-A42D-AB76F8E66222}"
EndProject
Project("{9A19103F-16F7-4668-BE54-9A1E7A4F7556}") = "Tyuiu.KhrapovDY.Sprint4.Task2.V26", "Tyuiu.KhrapovDY.Sprint4.Task2.V26\Tyuiu.KhrapovDY.Sprint4.Task2.V26.csproj", "{C27ABF19-DB60-4B09-A123-346701575027}"
EndProject
Project("{9A19103F-16F7-4668-BE54-9A1E7A4F7556}") = "Tyuiu.KhrapovDY.Sprint4.Task2.V26.Lib", "Tyuiu.KhrapovDY.Sprint4.Task2.V26.Lib\Tyuiu.KhrapovDY.Sprint4.Task2.V26.Lib.csproj", "{99A0DBED-7910-4E62-964A-C483DB8BDD99}"
EndProject
Project("{9A19103F-16F7-4668-BE54-9A1E7A4F7556}") = "Tyuiu.KhrapovDY.Sprint4.Task2.V26.Test", "Tyuiu.KhrapovDY.Sprint4.Task2.V26.Test\Tyuiu.KhrapovDY.Sprint4.Task2.V26.Test.csproj", "{62463059-F306-4BEF-A6B4-57F934174684}"
EndProject
Project("{2150E333-8FDC-42A3-9474-1A3956D46DE8}") = "Task3", "Task3", "{80243439-1541-4FC2-84C8-27FF3A2EDB9B}"
EndProject
Project("{9A19103F-16F7-4668-BE54-9A1E7A4F7556}") = "Tyuiu.KhrapovDY.Sprint4.Task3.V2", "Tyuiu.KhrapovDY.Sprint4.Task3.V2\Tyuiu.KhrapovDY.Sprint4.Task3.V2.csproj", "{C997DF29-2E0E-45EE-A652-48E7BF3F5D57}"
EndProject
Project("{9A19103F-16F7-4668-BE54-9A1E7A4F7556}") = "Tyuiu.KhrapovDY.Sprint4.Task3.V2.Lib", "Tyuiu.KhrapovDY.Sprint4.Task3.V2.Lib\Tyuiu.KhrapovDY.Sprint4.Task3.V2.Lib.csproj", "{75F3C7AF-5E02-4771-A751-BA57679BA21F}"
EndProject
Project("{9A19103F-16F7-4668-BE54-9A1E7A4F7556}") = "Tyuiu.KhrapovDY.Sprint4.Task3.V2.Test", "Tyuiu.KhrapovDY.Sprint4.Task3.V2.Test\Tyuiu.KhrapovDY.Sprint4.Task3.V2.Test.csproj", "{8563DDBC-5A0E-4643-9DED-0A20AB7AC7CB}"
EndProject
Project("{2150E333-8FDC-42A3-9474-1A3956D46DE8}") = "Task4", "Task4", "{0B015ED9-C76F-429D-9D63-894C05CC586C}"
EndProject
Project("{9A19103F-16F7-4668-BE54-9A1E7A4F7556}") = "Tyuiu.KhrapovDY.Sprint4.Task4.V7", "Tyuiu.KhrapovDY.Sprint4.Task4.V7\Tyuiu.KhrapovDY.Sprint4.Task4.V7.csproj", "{2B83ABFE-30E2-4B74-B635-D281127A2FE1}"
EndProject
Project("{9A19103F-16F7-4668-BE54-9A1E7A4F7556}") = "Tyuiu.KhrapovDY.Sprint4.Task4.V7.Lib", "Tyuiu.KhrapovDY.Sprint4.Task4.V7.Lib\Tyuiu.KhrapovDY.Sprint4.Task4.V7.Lib.csproj", "{70278FD8-8EF4-4398-9C97-CDD8D6728300}"
EndProject
Project("{9A19103F-16F7-4668-BE54-9A1E7A4F7556}") = "Tyuiu.KhrapovDY.Sprint4.Task4.V7.Test", "Tyuiu.KhrapovDY.Sprint4.Task4.V7.Test\Tyuiu.KhrapovDY.Sprint4.Task4.V7.Test.csproj", "{EEE47895-DB47-421C-9580-54AC1EA14C92}"
EndProject
Project("{2150E333-8FDC-42A3-9474-1A3956D46DE8}") = "Task5", "Task5", "{888690B6-1245-4D1C-A19E-4E43AA992F49}"
EndProject
Project("{FAE04EC0-301F-11D3-BF4B-00C04F79EFBC}") = "Tyuiu.KhrapovDY.Sprint4.Task5.V24", "Tyuiu.KhrapovDY.Sprint4.Task5.V24\Tyuiu.KhrapovDY.Sprint4.Task5.V24.csproj", "{61F71933-551C-4B8A-A3A3-7AEB645503E8}"
EndProject
Project("{FAE04EC0-301F-11D3-BF4B-00C04F79EFBC}") = "Tyuiu.KhrapovDY.Sprint4.Task5.V24.Lib", "Tyuiu.KhrapovDY.Sprint4.Task5.V24.Lib\Tyuiu.KhrapovDY.Sprint4.Task5.V24.Lib.csproj", "{D6F7E6B4-13A8-4255-A105-DAA891BFD562}"
EndProject
Project("{FAE04EC0-301F-11D3-BF4B-00C04F79EFBC}") = "Tyuiu.KhrapovDY.Sprint4.Task5.V24.Test", "Tyuiu.KhrapovDY.Sprint4.Task5.V24.Test\Tyuiu.KhrapovDY.Sprint4.Task5.V24.Test.csproj", "{11AAFCC5-B9AD-4391-9022-E9ADFFAD666F}"
EndProject
Global
	GlobalSection(SolutionConfigurationPlatforms) = preSolution
		Debug|Any CPU = Debug|Any CPU
		Release|Any CPU = Release|Any CPU
	EndGlobalSection
	GlobalSection(ProjectConfigurationPlatforms) = postSolution
		{906A6427-EF8B-467F-95E3-B8E60FAFE766}.Debug|Any CPU.ActiveCfg = Debug|Any CPU
		{906A6427-EF8B-467F-95E3-B8E60FAFE766}.Debug|Any CPU.Build.0 = Debug|Any CPU
		{906A6427-EF8B-467F-95E3-B8E60FAFE766}.Release|Any CPU.ActiveCfg = Release|Any CPU
		{906A6427-EF8B-467F-95E3-B8E60FAFE766}.Release|Any CPU.Build.0 = Release|Any CPU
		{061B4A92-EC4A-4640-83D3-90C71DF8BB5E}.Debug|Any CPU.ActiveCfg = Debug|Any CPU
		{061B4A92-EC4A-4640-83D3-90C71DF8BB5E}.Debug|Any CPU.Build.0 = Debug|Any CPU
		{061B4A92-EC4A-4640-83D3-90C71DF8BB5E}.Release|Any CPU.ActiveCfg = Release|Any CPU
		{061B4A92-EC4A-4640-83D3-90C71DF8BB5E}.Release|Any CPU.Build.0 = Release|Any CPU
		{CF9AF108-BAF7-4F6C-A1C1-C735634A1DAA}.Debug|Any CPU.ActiveCfg = Debug|Any CPU
		{CF9AF108-BAF7-4F6C-A1C1-C735634A1DAA}.Debug|Any CPU.Build.0 = Debug|Any CPU
		{CF9AF108-BAF7-4F6C-A1C1-C735634A1DAA}.Release|Any CPU.ActiveCfg = Release|Any CPU
		{CF9AF108-BAF7-4F6C-A1C1-C735634A1DAA}.Release|Any CPU.Build.0 = Release|Any CPU
		{E4A946A6-8A04-4DF2-9C3F-8E83CFE68462}.Debug|Any CPU.ActiveCfg = Debug|Any CPU
		{E4A946A6-8A04-4DF2-9C3F-8E83CFE68462}.Debug|Any CPU.Build.0 = Debug|Any CPU
		{E4A946A6-8A04-4DF2-9C3F-8E83CFE68462}.Release|Any CPU.ActiveCfg = Release|Any CPU
		{E4A946A6-8A04-4DF2-9C3F-8E83CFE68462}.Release|Any CPU.Build.0 = Release|Any CPU
		{B5ABC923-0A57-45BA-A09E-ED761E86A32D}.Debug|Any CPU.ActiveCfg = Debug|Any CPU
		{B5ABC923-0A57-45BA-A09E-ED761E86A32D}.Debug|Any CPU.Build.0 = Debug|Any CPU
		{B5ABC923-0A57-45BA-A09E-ED761E86A32D}.Release|Any CPU.ActiveCfg = Release|Any CPU
		{B5ABC923-0A57-45BA-A09E-ED761E86A32D}.Release|Any CPU.Build.0 = Release|Any CPU
		{D3A6F926-0EE1-42BC-B859-790AF983DD43}.Debug|Any CPU.ActiveCfg = Debug|Any CPU
		{D3A6F926-0EE1-42BC-B859-790AF983DD43}.Debug|Any CPU.Build.0 = Debug|Any CPU
		{D3A6F926-0EE1-42BC-B859-790AF983DD43}.Release|Any CPU.ActiveCfg = Release|Any CPU
		{D3A6F926-0EE1-42BC-B859-790AF983DD43}.Release|Any CPU.Build.0 = Release|Any CPU
		{C27ABF19-DB60-4B09-A123-346701575027}.Debug|Any CPU.ActiveCfg = Debug|Any CPU
		{C27ABF19-DB60-4B09-A123-346701575027}.Debug|Any CPU.Build.0 = Debug|Any CPU
		{C27ABF19-DB60-4B09-A123-346701575027}.Release|Any CPU.ActiveCfg = Release|Any CPU
		{C27ABF19-DB60-4B09-A123-346701575027}.Release|Any CPU.Build.0 = Release|Any CPU
		{99A0DBED-7910-4E62-964A-C483DB8BDD99}.Debug|Any CPU.ActiveCfg = Debug|Any CPU
		{99A0DBED-7910-4E62-964A-C483DB8BDD99}.Debug|Any CPU.Build.0 = Debug|Any CPU
		{99A0DBED-7910-4E62-964A-C483DB8BDD99}.Release|Any CPU.ActiveCfg = Release|Any CPU
		{99A0DBED-7910-4E62-964A-C483DB8BDD99}.Release|Any CPU.Build.0 = Release|Any CPU
		{62463059-F306-4BEF-A6B4-57F934174684}.Debug|Any CPU.ActiveCfg = Debug|Any CPU
		{62463059-F306-4BEF-A6B4-57F934174684}.Debug|Any CPU.Build.0 = Debug|Any CPU
		{62463059-F306-4BEF-A6B4-57F934174684}.Release|Any CPU.ActiveCfg = Release|Any CPU
		{62463059-F306-4BEF-A6B4-57F934174684}.Release|Any CPU.Build.0 = Release|Any CPU
		{C997DF29-2E0E-45EE-A652-48E7BF3F5D57}.Debug|Any CPU.ActiveCfg = Debug|Any CPU
		{C997DF29-2E0E-45EE-A652-48E7BF3F5D57}.Debug|Any CPU.Build.0 = Debug|Any CPU
		{C997DF29-2E0E-45EE-A652-48E7BF3F5D57}.Release|Any CPU.ActiveCfg = Release|Any CPU
		{C997DF29-2E0E-45EE-A652-48E7BF3F5D57}.Release|Any CPU.Build.0 = Release|Any CPU
		{75F3C7AF-5E02-4771-A751-BA57679BA21F}.Debug|Any CPU.ActiveCfg = Debug|Any CPU
		{75F3C7AF-5E02-4771-A751-BA57679BA21F}.Debug|Any CPU.Build.0 = Debug|Any CPU
		{75F3C7AF-5E02-4771-A751-BA57679BA21F}.Release|Any CPU.ActiveCfg = Release|Any CPU
		{75F3C7AF-5E02-4771-A751-BA57679BA21F}.Release|Any CPU.Build.0 = Release|Any CPU
		{8563DDBC-5A0E-4643-9DED-0A20AB7AC7CB}.Debug|Any CPU.ActiveCfg = Debug|Any CPU
		{8563DDBC-5A0E-4643-9DED-0A20AB7AC7CB}.Debug|Any CPU.Build.0 = Debug|Any CPU
		{8563DDBC-5A0E-4643-9DED-0A20AB7AC7CB}.Release|Any CPU.ActiveCfg = Release|Any CPU
		{8563DDBC-5A0E-4643-9DED-0A20AB7AC7CB}.Release|Any CPU.Build.0 = Release|Any CPU
		{2B83ABFE-30E2-4B74-B635-D281127A2FE1}.Debug|Any CPU.ActiveCfg = Debug|Any CPU
		{2B83ABFE-30E2-4B74-B635-D281127A2FE1}.Debug|Any CPU.Build.0 = Debug|Any CPU
		{2B83ABFE-30E2-4B74-B635-D281127A2FE1}.Release|Any CPU.ActiveCfg = Release|Any CPU
		{2B83ABFE-30E2-4B74-B635-D281127A2FE1}.Release|Any CPU.Build.0 = Release|Any CPU
		{70278FD8-8EF4-4398-9C97-CDD8D6728300}.Debug|Any CPU.ActiveCfg = Debug|Any CPU
		{70278FD8-8EF4-4398-9C97-CDD8D6728300}.Debug|Any CPU.Build.0 = Debug|Any CPU
		{70278FD8-8EF4-4398-9C97-CDD8D6728300}.Release|Any CPU.ActiveCfg = Release|Any CPU
		{70278FD8-8EF4-4398-9C97-CDD8D6728300}.Release|Any CPU.Build.0 = Release|Any CPU
		{EEE47895-DB47-421C-9580-54AC1EA14C92}.Debug|Any CPU.ActiveCfg = Debug|Any CPU
		{EEE47895-DB47-421C-9580-54AC1EA14C92}.Debug|Any CPU.Build.0 = Debug|Any CPU
		{EEE47895-DB47-421C-9580-54AC1EA14C92}.Release|Any CPU.ActiveCfg = Release|Any CPU
		{EEE47895-DB47-421C-9580-54AC1EA14C92}.Release|Any CPU.Build.0 = Release|Any CPU
		{61F71933-551C-4B8A-A3A3-7AEB645503E8}.Debug|Any CPU.ActiveCfg = Debug|Any CPU
		{61F71933-551C-4B8A-A3A3-7AEB645503E8}.Debug|Any CPU.Build.0 = Debug|Any CPU
		{61F71933-551C-4B8A-A3A3-7AEB645503E8}.Release|Any CPU.ActiveCfg = Release|Any CPU
		{61F71933-551C-4B8A-A3A3-7AEB645503E8}.Release|Any CPU.Build.0 = Release|Any CPU
		{D6F7E6B4-13A8-4255-A105-DAA891BFD562}.Debug|Any CPU.ActiveCfg = Debug|Any CPU
		{D6F7E6B4-13A8-4255-A105-DAA891BFD562}.Debug|Any CPU.Build.0 = Debug|Any CPU
		{D6F7E6B4-13A8-4255-A105-DAA891BFD562}.Release|Any CPU.ActiveCfg = Release|Any CPU
		{D6F7E6B4-13A8-4255-A105-DAA891BFD562}.Release|Any CPU.Build.0 = Release|Any CPU
		{11AAFCC5-B9AD-4391-9022-E9ADFFAD666F}.Debug|Any CPU.ActiveCfg = Debug|Any CPU
		{11AAFCC5-B9AD-4391-9022-E9ADFFAD666F}.Debug|Any CPU.Build.0 = Debug|Any CPU
		{11AAFCC5-B9AD-4391-9022-E9ADFFAD666F}.Release|Any CPU.ActiveCfg = Release|Any CPU
		{11AAFCC5-B9AD-4391-9022-E9ADFFAD666F}.Release|Any CPU.Build.0 = Release|Any CPU
	EndGlobalSection
	GlobalSection(SolutionProperties) = preSolution
		HideSolutionNode = FALSE
	EndGlobalSection
	GlobalSection(NestedProjects) = preSolution
		{906A6427-EF8B-467F-95E3-B8E60FAFE766} = {921EB6B6-13DE-4707-BA04-5CABB893DBCE}
		{061B4A92-EC4A-4640-83D3-90C71DF8BB5E} = {921EB6B6-13DE-4707-BA04-5CABB893DBCE}
		{CF9AF108-BAF7-4F6C-A1C1-C735634A1DAA} = {921EB6B6-13DE-4707-BA04-5CABB893DBCE}
		{E4A946A6-8A04-4DF2-9C3F-8E83CFE68462} = {6992C9C5-173B-42D6-9643-DB6E06EB1B7D}
		{B5ABC923-0A57-45BA-A09E-ED761E86A32D} = {6992C9C5-173B-42D6-9643-DB6E06EB1B7D}
		{D3A6F926-0EE1-42BC-B859-790AF983DD43} = {6992C9C5-173B-42D6-9643-DB6E06EB1B7D}
		{C27ABF19-DB60-4B09-A123-346701575027} = {36BB83FC-0019-4AC2-A42D-AB76F8E66222}
		{99A0DBED-7910-4E62-964A-C483DB8BDD99} = {36BB83FC-0019-4AC2-A42D-AB76F8E66222}
		{62463059-F306-4BEF-A6B4-57F934174684} = {36BB83FC-0019-4AC2-A42D-AB76F8E66222}
		{C997DF29-2E0E-45EE-A652-48E7BF3F5D57} = {80243439-1541-4FC2-84C8-27FF3A2EDB9B}
		{75F3C7AF-5E02-4771-A751-BA57679BA21F} = {80243439-1541-4FC2-84C8-27FF3A2EDB9B}
		{8563DDBC-5A0E-4643-9DED-0A20AB7AC7CB} = {80243439-1541-4FC2-84C8-27FF3A2EDB9B}
		{2B83ABFE-30E2-4B74-B635-D281127A2FE1} = {0B015ED9-C76F-429D-9D63-894C05CC586C}
		{70278FD8-8EF4-4398-9C97-CDD8D6728300} = {0B015ED9-C76F-429D-9D63-894C05CC586C}
		{EEE47895-DB47-421C-9580-54AC1EA14C92} = {0B015ED9-C76F-429D-9D63-894C05CC586C}
		{61F71933-551C-4B8A-A3A3-7AEB645503E8} = {888690B6-1245-4D1C-A19E-4E43AA992F49}
		{D6F7E6B4-13A8-4255-A105-DAA891BFD562} = {888690B6-1245-4D1C-A19E-4E43AA992F49}
		{11AAFCC5-B9AD-4391-9022-E9ADFFAD666F} = {888690B6-1245-4D1C-A19E-4E43AA992F49}
	EndGlobalSection
	GlobalSection(ExtensibilityGlobals) = postSolution
		SolutionGuid = {78EF1519-197D-4547-8BD5-1095D9495EEB}
	EndGlobalSection
EndGlobal
